
Microsoft Visual Studio Solution File, Format Version 12.00
# Visual Studio Version 17
VisualStudioVersion = 17.0.31912.275
MinimumVisualStudioVersion = 10.0.40219.1
Project("{FAE04EC0-301F-11D3-BF4B-00C04F79EFBC}") = "workflowTest", "workflowTest\workflowTest.csproj", "{1B203E1E-7599-4C13-8CD5-7E94101123E8}"
EndProject
Global
	GlobalSection(SolutionConfigurationPlatforms) = preSolution
		Debug|Any CPU = Debug|Any CPU
		Release|Any CPU = Release|Any CPU
	EndGlobalSection
	GlobalSection(ProjectConfigurationPlatforms) = postSolution
		{1B203E1E-7599-4C13-8CD5-7E94101123E8}.Debug|Any CPU.ActiveCfg = Debug|Any CPU
		{1B203E1E-7599-4C13-8CD5-7E94101123E8}.Debug|Any CPU.Build.0 = Debug|Any CPU
		{1B203E1E-7599-4C13-8CD5-7E94101123E8}.Release|Any CPU.ActiveCfg = Release|Any CPU
		{1B203E1E-7599-4C13-8CD5-7E94101123E8}.Release|Any CPU.Build.0 = Release|Any CPU
	EndGlobalSection
	GlobalSection(SolutionProperties) = preSolution
		HideSolutionNode = FALSE
	EndGlobalSection
	GlobalSection(ExtensibilityGlobals) = postSolution
		SolutionGuid = {1DB70798-F60E-4DD6-A797-6F689302E9F5}
	EndGlobalSection
EndGlobal
